
Microsoft Visual Studio Solution File, Format Version 12.00
# Visual Studio Version 17
VisualStudioVersion = 17.12.35527.113
MinimumVisualStudioVersion = 10.0.40219.1
Project("{2150E333-8FDC-42A3-9474-1A3956D46DE8}") = "ShopManagement", "ShopManagement", "{D2F125F3-CB8B-402E-98E0-12036A44E6E6}"
EndProject
Project("{2150E333-8FDC-42A3-9474-1A3956D46DE8}") = "SM.Domain", "SM.Domain", "{3369DFB5-81EE-47C3-A87A-49BE5986553F}"
EndProject
Project("{FAE04EC0-301F-11D3-BF4B-00C04F79EFBC}") = "ShopManagement.Domain", "ShopManagement.Domain\ShopManagement.Domain.csproj", "{5A9D5FFA-32B1-4E4B-82D8-80064771D847}"
EndProject
Project("{FAE04EC0-301F-11D3-BF4B-00C04F79EFBC}") = "0_Framework", "0_Framework\0_Framework.csproj", "{FED49005-CD00-4E44-82F8-22DEB17001A5}"
EndProject
Project("{2150E333-8FDC-42A3-9474-1A3956D46DE8}") = "SM.Application", "SM.Application", "{E3EDBDE3-0800-4B46-A950-FDD17625CDFB}"
EndProject
Project("{FAE04EC0-301F-11D3-BF4B-00C04F79EFBC}") = "ShopManagement.Application.Contracts", "ShopManagement.Application.Contracts\ShopManagement.Application.Contracts.csproj", "{B0B897BB-85EB-475E-800F-B21AF7ED42B2}"
EndProject
Project("{FAE04EC0-301F-11D3-BF4B-00C04F79EFBC}") = "ShopManagement.Application", "ShopManagement.Application\ShopManagement.Application.csproj", "{FA1F3585-DFFD-4CD5-B315-330682C65F74}"
EndProject
Project("{2150E333-8FDC-42A3-9474-1A3956D46DE8}") = "SM.Infrastructure", "SM.Infrastructure", "{B509D8F7-58FB-4EB0-B1F7-118B3C1B92C4}"
EndProject
Project("{FAE04EC0-301F-11D3-BF4B-00C04F79EFBC}") = "ShopManagement.Infrastructure.EFCore", "ShopManagement.Infrastracture.EFCore\ShopManagement.Infrastructure.EFCore.csproj", "{CE7DBC65-2B75-46E7-A211-C4DA3E273669}"
EndProject
Project("{FAE04EC0-301F-11D3-BF4B-00C04F79EFBC}") = "ShopManagement.Infrastructure.Configuration", "ShopManagement.Infrastructure.Configuration\ShopManagement.Infrastructure.Configuration.csproj", "{D741791B-A7A6-4FC2-8869-73BFB25E9C94}"
EndProject
Project("{FAE04EC0-301F-11D3-BF4B-00C04F79EFBC}") = "ServiceHost", "ServiceHost\ServiceHost.csproj", "{11119442-BFC0-448D-BB48-4968C1101B1F}"
EndProject
Project("{2150E333-8FDC-42A3-9474-1A3956D46DE8}") = "DiscountManagement", "DiscountManagement", "{53BF00F1-842B-47AC-9846-FCFBDB91DD53}"
EndProject
Project("{2150E333-8FDC-42A3-9474-1A3956D46DE8}") = "DM.Domain", "DM.Domain", "{DCD08C16-4DF2-4586-A82B-62A6C33D2B37}"
EndProject
Project("{FAE04EC0-301F-11D3-BF4B-00C04F79EFBC}") = "DiscountManagement.Domain", "DiscountManagement.Domain\DiscountManagement.Domain.csproj", "{043AC135-5697-4716-932A-2E8400D9CF88}"
EndProject
Project("{2150E333-8FDC-42A3-9474-1A3956D46DE8}") = "DM.Application", "DM.Application", "{DFC38349-4A39-4190-8D1C-CE9CDC73B244}"
EndProject
Project("{FAE04EC0-301F-11D3-BF4B-00C04F79EFBC}") = "DiscountManagement.Application.Contracts", "DiscountManagement.Application.Contracts\DiscountManagement.Application.Contracts.csproj", "{1C3C3D34-2595-45D6-895C-590D2D9127E3}"
EndProject
Project("{FAE04EC0-301F-11D3-BF4B-00C04F79EFBC}") = "DiscountManagement.Application", "DiscountManagement.Application\DiscountManagement.Application.csproj", "{A08630FB-6313-4346-AE30-EF02E9477082}"
EndProject
Project("{2150E333-8FDC-42A3-9474-1A3956D46DE8}") = "DM.Infrastructure", "DM.Infrastructure", "{FE2D2C21-DE9B-4F3E-9602-B918221F95FA}"
EndProject
Project("{FAE04EC0-301F-11D3-BF4B-00C04F79EFBC}") = "DiscountManagement.Infrastructure.EFCore", "DiscountManagement.Infrastructure.EFCore\DiscountManagement.Infrastructure.EFCore.csproj", "{2FA1D877-4983-49C2-8A97-6FA89F639175}"
EndProject
Project("{FAE04EC0-301F-11D3-BF4B-00C04F79EFBC}") = "DiscountManagement.Configuration", "DiscountManagement.Configuration\DiscountManagement.Configuration.csproj", "{C3AE7C0A-DB1F-43D8-A08E-9DE27297B0AA}"
EndProject
Project("{2150E333-8FDC-42A3-9474-1A3956D46DE8}") = "InventoryManagement", "InventoryManagement", "{E9CCFD34-4809-446F-97B1-F37076D0CEAC}"
EndProject
Project("{2150E333-8FDC-42A3-9474-1A3956D46DE8}") = "IM.Domain", "IM.Domain", "{2B37B503-A2C9-427C-B6AF-A4270FD0AC47}"
EndProject
Project("{FAE04EC0-301F-11D3-BF4B-00C04F79EFBC}") = "InventoryManagement.Domain", "InventoryManagement.Domain\InventoryManagement.Domain.csproj", "{3EEE0443-905A-447A-8BD6-9BA0CECE55C6}"
EndProject
Project("{2150E333-8FDC-42A3-9474-1A3956D46DE8}") = "IM.Application", "IM.Application", "{D2069469-2379-4F9E-BEC9-922EBD626A9B}"
EndProject
Project("{FAE04EC0-301F-11D3-BF4B-00C04F79EFBC}") = "InventoryManagement.Application.Contract", "InventoryManagement.Application.Contract\InventoryManagement.Application.Contract.csproj", "{3E1A464B-07A6-48C1-987C-E1A73944C188}"
EndProject
Project("{2150E333-8FDC-42A3-9474-1A3956D46DE8}") = "IM.Infrastructure", "IM.Infrastructure", "{D61840F7-00FC-4455-8E58-015A0BAC820F}"
EndProject
Project("{FAE04EC0-301F-11D3-BF4B-00C04F79EFBC}") = "InventoryManagement.Infrastructure.EFCore", "InventoryManagement.Infrastructure.EFCore\InventoryManagement.Infrastructure.EFCore.csproj", "{EF5D355A-0E8A-40D9-BC09-F5DEA2FAFE34}"
EndProject
Project("{FAE04EC0-301F-11D3-BF4B-00C04F79EFBC}") = "InventoryManagement.Infrastructure.Configuration", "InventoryManagement.Infrastructure.Configuration\InventoryManagement.Infrastructure.Configuration.csproj", "{025DA4DB-2C7B-45C9-82F8-9A7500382E24}"
EndProject
Project("{FAE04EC0-301F-11D3-BF4B-00C04F79EFBC}") = "InventoryManagement.Application", "InventoryManagement.Application\InventoryManagement.Application.csproj", "{6AB1A3B3-C754-4BF4-BBEE-349B7810E3EA}"
EndProject
Global
	GlobalSection(SolutionConfigurationPlatforms) = preSolution
		Debug|Any CPU = Debug|Any CPU
		Release|Any CPU = Release|Any CPU
	EndGlobalSection
	GlobalSection(ProjectConfigurationPlatforms) = postSolution
		{5A9D5FFA-32B1-4E4B-82D8-80064771D847}.Debug|Any CPU.ActiveCfg = Debug|Any CPU
		{5A9D5FFA-32B1-4E4B-82D8-80064771D847}.Debug|Any CPU.Build.0 = Debug|Any CPU
		{5A9D5FFA-32B1-4E4B-82D8-80064771D847}.Release|Any CPU.ActiveCfg = Release|Any CPU
		{5A9D5FFA-32B1-4E4B-82D8-80064771D847}.Release|Any CPU.Build.0 = Release|Any CPU
		{FED49005-CD00-4E44-82F8-22DEB17001A5}.Debug|Any CPU.ActiveCfg = Debug|Any CPU
		{FED49005-CD00-4E44-82F8-22DEB17001A5}.Debug|Any CPU.Build.0 = Debug|Any CPU
		{FED49005-CD00-4E44-82F8-22DEB17001A5}.Release|Any CPU.ActiveCfg = Release|Any CPU
		{FED49005-CD00-4E44-82F8-22DEB17001A5}.Release|Any CPU.Build.0 = Release|Any CPU
		{B0B897BB-85EB-475E-800F-B21AF7ED42B2}.Debug|Any CPU.ActiveCfg = Debug|Any CPU
		{B0B897BB-85EB-475E-800F-B21AF7ED42B2}.Debug|Any CPU.Build.0 = Debug|Any CPU
		{B0B897BB-85EB-475E-800F-B21AF7ED42B2}.Release|Any CPU.ActiveCfg = Release|Any CPU
		{B0B897BB-85EB-475E-800F-B21AF7ED42B2}.Release|Any CPU.Build.0 = Release|Any CPU
		{FA1F3585-DFFD-4CD5-B315-330682C65F74}.Debug|Any CPU.ActiveCfg = Debug|Any CPU
		{FA1F3585-DFFD-4CD5-B315-330682C65F74}.Debug|Any CPU.Build.0 = Debug|Any CPU
		{FA1F3585-DFFD-4CD5-B315-330682C65F74}.Release|Any CPU.ActiveCfg = Release|Any CPU
		{FA1F3585-DFFD-4CD5-B315-330682C65F74}.Release|Any CPU.Build.0 = Release|Any CPU
		{CE7DBC65-2B75-46E7-A211-C4DA3E273669}.Debug|Any CPU.ActiveCfg = Debug|Any CPU
		{CE7DBC65-2B75-46E7-A211-C4DA3E273669}.Debug|Any CPU.Build.0 = Debug|Any CPU
		{CE7DBC65-2B75-46E7-A211-C4DA3E273669}.Release|Any CPU.ActiveCfg = Release|Any CPU
		{CE7DBC65-2B75-46E7-A211-C4DA3E273669}.Release|Any CPU.Build.0 = Release|Any CPU
		{D741791B-A7A6-4FC2-8869-73BFB25E9C94}.Debug|Any CPU.ActiveCfg = Debug|Any CPU
		{D741791B-A7A6-4FC2-8869-73BFB25E9C94}.Debug|Any CPU.Build.0 = Debug|Any CPU
		{D741791B-A7A6-4FC2-8869-73BFB25E9C94}.Release|Any CPU.ActiveCfg = Release|Any CPU
		{D741791B-A7A6-4FC2-8869-73BFB25E9C94}.Release|Any CPU.Build.0 = Release|Any CPU
		{11119442-BFC0-448D-BB48-4968C1101B1F}.Debug|Any CPU.ActiveCfg = Debug|Any CPU
		{11119442-BFC0-448D-BB48-4968C1101B1F}.Debug|Any CPU.Build.0 = Debug|Any CPU
		{11119442-BFC0-448D-BB48-4968C1101B1F}.Release|Any CPU.ActiveCfg = Release|Any CPU
		{11119442-BFC0-448D-BB48-4968C1101B1F}.Release|Any CPU.Build.0 = Release|Any CPU
		{043AC135-5697-4716-932A-2E8400D9CF88}.Debug|Any CPU.ActiveCfg = Debug|Any CPU
		{043AC135-5697-4716-932A-2E8400D9CF88}.Debug|Any CPU.Build.0 = Debug|Any CPU
		{043AC135-5697-4716-932A-2E8400D9CF88}.Release|Any CPU.ActiveCfg = Release|Any CPU
		{043AC135-5697-4716-932A-2E8400D9CF88}.Release|Any CPU.Build.0 = Release|Any CPU
		{1C3C3D34-2595-45D6-895C-590D2D9127E3}.Debug|Any CPU.ActiveCfg = Debug|Any CPU
		{1C3C3D34-2595-45D6-895C-590D2D9127E3}.Debug|Any CPU.Build.0 = Debug|Any CPU
		{1C3C3D34-2595-45D6-895C-590D2D9127E3}.Release|Any CPU.ActiveCfg = Release|Any CPU
		{1C3C3D34-2595-45D6-895C-590D2D9127E3}.Release|Any CPU.Build.0 = Release|Any CPU
		{A08630FB-6313-4346-AE30-EF02E9477082}.Debug|Any CPU.ActiveCfg = Debug|Any CPU
		{A08630FB-6313-4346-AE30-EF02E9477082}.Debug|Any CPU.Build.0 = Debug|Any CPU
		{A08630FB-6313-4346-AE30-EF02E9477082}.Release|Any CPU.ActiveCfg = Release|Any CPU
		{A08630FB-6313-4346-AE30-EF02E9477082}.Release|Any CPU.Build.0 = Release|Any CPU
		{2FA1D877-4983-49C2-8A97-6FA89F639175}.Debug|Any CPU.ActiveCfg = Debug|Any CPU
		{2FA1D877-4983-49C2-8A97-6FA89F639175}.Debug|Any CPU.Build.0 = Debug|Any CPU
		{2FA1D877-4983-49C2-8A97-6FA89F639175}.Release|Any CPU.ActiveCfg = Release|Any CPU
		{2FA1D877-4983-49C2-8A97-6FA89F639175}.Release|Any CPU.Build.0 = Release|Any CPU
		{C3AE7C0A-DB1F-43D8-A08E-9DE27297B0AA}.Debug|Any CPU.ActiveCfg = Debug|Any CPU
		{C3AE7C0A-DB1F-43D8-A08E-9DE27297B0AA}.Debug|Any CPU.Build.0 = Debug|Any CPU
		{C3AE7C0A-DB1F-43D8-A08E-9DE27297B0AA}.Release|Any CPU.ActiveCfg = Release|Any CPU
		{C3AE7C0A-DB1F-43D8-A08E-9DE27297B0AA}.Release|Any CPU.Build.0 = Release|Any CPU
		{3EEE0443-905A-447A-8BD6-9BA0CECE55C6}.Debug|Any CPU.ActiveCfg = Debug|Any CPU
		{3EEE0443-905A-447A-8BD6-9BA0CECE55C6}.Debug|Any CPU.Build.0 = Debug|Any CPU
		{3EEE0443-905A-447A-8BD6-9BA0CECE55C6}.Release|Any CPU.ActiveCfg = Release|Any CPU
		{3EEE0443-905A-447A-8BD6-9BA0CECE55C6}.Release|Any CPU.Build.0 = Release|Any CPU
		{3E1A464B-07A6-48C1-987C-E1A73944C188}.Debug|Any CPU.ActiveCfg = Debug|Any CPU
		{3E1A464B-07A6-48C1-987C-E1A73944C188}.Debug|Any CPU.Build.0 = Debug|Any CPU
		{3E1A464B-07A6-48C1-987C-E1A73944C188}.Release|Any CPU.ActiveCfg = Release|Any CPU
		{3E1A464B-07A6-48C1-987C-E1A73944C188}.Release|Any CPU.Build.0 = Release|Any CPU
		{EF5D355A-0E8A-40D9-BC09-F5DEA2FAFE34}.Debug|Any CPU.ActiveCfg = Debug|Any CPU
		{EF5D355A-0E8A-40D9-BC09-F5DEA2FAFE34}.Debug|Any CPU.Build.0 = Debug|Any CPU
		{EF5D355A-0E8A-40D9-BC09-F5DEA2FAFE34}.Release|Any CPU.ActiveCfg = Release|Any CPU
		{EF5D355A-0E8A-40D9-BC09-F5DEA2FAFE34}.Release|Any CPU.Build.0 = Release|Any CPU
		{025DA4DB-2C7B-45C9-82F8-9A7500382E24}.Debug|Any CPU.ActiveCfg = Debug|Any CPU
		{025DA4DB-2C7B-45C9-82F8-9A7500382E24}.Debug|Any CPU.Build.0 = Debug|Any CPU
		{025DA4DB-2C7B-45C9-82F8-9A7500382E24}.Release|Any CPU.ActiveCfg = Release|Any CPU
		{025DA4DB-2C7B-45C9-82F8-9A7500382E24}.Release|Any CPU.Build.0 = Release|Any CPU
		{6AB1A3B3-C754-4BF4-BBEE-349B7810E3EA}.Debug|Any CPU.ActiveCfg = Debug|Any CPU
		{6AB1A3B3-C754-4BF4-BBEE-349B7810E3EA}.Debug|Any CPU.Build.0 = Debug|Any CPU
		{6AB1A3B3-C754-4BF4-BBEE-349B7810E3EA}.Release|Any CPU.ActiveCfg = Release|Any CPU
		{6AB1A3B3-C754-4BF4-BBEE-349B7810E3EA}.Release|Any CPU.Build.0 = Release|Any CPU
	EndGlobalSection
	GlobalSection(SolutionProperties) = preSolution
		HideSolutionNode = FALSE
	EndGlobalSection
	GlobalSection(NestedProjects) = preSolution
		{3369DFB5-81EE-47C3-A87A-49BE5986553F} = {D2F125F3-CB8B-402E-98E0-12036A44E6E6}
		{5A9D5FFA-32B1-4E4B-82D8-80064771D847} = {3369DFB5-81EE-47C3-A87A-49BE5986553F}
		{E3EDBDE3-0800-4B46-A950-FDD17625CDFB} = {D2F125F3-CB8B-402E-98E0-12036A44E6E6}
		{B0B897BB-85EB-475E-800F-B21AF7ED42B2} = {E3EDBDE3-0800-4B46-A950-FDD17625CDFB}
		{FA1F3585-DFFD-4CD5-B315-330682C65F74} = {E3EDBDE3-0800-4B46-A950-FDD17625CDFB}
		{B509D8F7-58FB-4EB0-B1F7-118B3C1B92C4} = {D2F125F3-CB8B-402E-98E0-12036A44E6E6}
		{CE7DBC65-2B75-46E7-A211-C4DA3E273669} = {B509D8F7-58FB-4EB0-B1F7-118B3C1B92C4}
		{D741791B-A7A6-4FC2-8869-73BFB25E9C94} = {B509D8F7-58FB-4EB0-B1F7-118B3C1B92C4}
		{DCD08C16-4DF2-4586-A82B-62A6C33D2B37} = {53BF00F1-842B-47AC-9846-FCFBDB91DD53}
		{043AC135-5697-4716-932A-2E8400D9CF88} = {DCD08C16-4DF2-4586-A82B-62A6C33D2B37}
		{DFC38349-4A39-4190-8D1C-CE9CDC73B244} = {53BF00F1-842B-47AC-9846-FCFBDB91DD53}
		{1C3C3D34-2595-45D6-895C-590D2D9127E3} = {DFC38349-4A39-4190-8D1C-CE9CDC73B244}
		{A08630FB-6313-4346-AE30-EF02E9477082} = {DFC38349-4A39-4190-8D1C-CE9CDC73B244}
		{FE2D2C21-DE9B-4F3E-9602-B918221F95FA} = {53BF00F1-842B-47AC-9846-FCFBDB91DD53}
		{2FA1D877-4983-49C2-8A97-6FA89F639175} = {FE2D2C21-DE9B-4F3E-9602-B918221F95FA}
		{C3AE7C0A-DB1F-43D8-A08E-9DE27297B0AA} = {FE2D2C21-DE9B-4F3E-9602-B918221F95FA}
		{2B37B503-A2C9-427C-B6AF-A4270FD0AC47} = {E9CCFD34-4809-446F-97B1-F37076D0CEAC}
		{3EEE0443-905A-447A-8BD6-9BA0CECE55C6} = {2B37B503-A2C9-427C-B6AF-A4270FD0AC47}
		{D2069469-2379-4F9E-BEC9-922EBD626A9B} = {E9CCFD34-4809-446F-97B1-F37076D0CEAC}
		{3E1A464B-07A6-48C1-987C-E1A73944C188} = {D2069469-2379-4F9E-BEC9-922EBD626A9B}
		{D61840F7-00FC-4455-8E58-015A0BAC820F} = {E9CCFD34-4809-446F-97B1-F37076D0CEAC}
		{EF5D355A-0E8A-40D9-BC09-F5DEA2FAFE34} = {D61840F7-00FC-4455-8E58-015A0BAC820F}
		{025DA4DB-2C7B-45C9-82F8-9A7500382E24} = {D61840F7-00FC-4455-8E58-015A0BAC820F}
		{6AB1A3B3-C754-4BF4-BBEE-349B7810E3EA} = {D2069469-2379-4F9E-BEC9-922EBD626A9B}
	EndGlobalSection
EndGlobal
